
Microsoft Visual Studio Solution File, Format Version 12.00
# Visual Studio Version 17
VisualStudioVersion = 17.13.35806.99 d17.13
MinimumVisualStudioVersion = 10.0.40219.1
Project("{FAE04EC0-301F-11D3-BF4B-00C04F79EFBC}") = "tpmodul5_2311104057", "tpmodul5_2311104057\tpmodul5_2311104057.csproj", "{8586CFDB-E3A6-490F-830B-CE514DCC0087}"
EndProject
Global
	GlobalSection(SolutionConfigurationPlatforms) = preSolution
		Debug|Any CPU = Debug|Any CPU
		Release|Any CPU = Release|Any CPU
	EndGlobalSection
	GlobalSection(ProjectConfigurationPlatforms) = postSolution
		{8586CFDB-E3A6-490F-830B-CE514DCC0087}.Debug|Any CPU.ActiveCfg = Debug|Any CPU
		{8586CFDB-E3A6-490F-830B-CE514DCC0087}.Debug|Any CPU.Build.0 = Debug|Any CPU
		{8586CFDB-E3A6-490F-830B-CE514DCC0087}.Release|Any CPU.ActiveCfg = Release|Any CPU
		{8586CFDB-E3A6-490F-830B-CE514DCC0087}.Release|Any CPU.Build.0 = Release|Any CPU
	EndGlobalSection
	GlobalSection(SolutionProperties) = preSolution
		HideSolutionNode = FALSE
	EndGlobalSection
	GlobalSection(ExtensibilityGlobals) = postSolution
		SolutionGuid = {104E76E6-D299-43C3-A4BD-EDDC6AA146BF}
	EndGlobalSection
EndGlobal
